
Microsoft Visual Studio Solution File, Format Version 12.00
# Visual Studio Version 16
VisualStudioVersion = 16.0.29709.97
MinimumVisualStudioVersion = 10.0.40219.1
Project("{FAE04EC0-301F-11D3-BF4B-00C04F79EFBC}") = "Arrays", "Arrays\Arrays.csproj", "{AB98A1BE-1EDE-40CF-92C1-4FCE8E2F92D4}"
EndProject
Global
	GlobalSection(SolutionConfigurationPlatforms) = preSolution
		Debug|Any CPU = Debug|Any CPU
		Release|Any CPU = Release|Any CPU
	EndGlobalSection
	GlobalSection(ProjectConfigurationPlatforms) = postSolution
		{AB98A1BE-1EDE-40CF-92C1-4FCE8E2F92D4}.Debug|Any CPU.ActiveCfg = Debug|Any CPU
		{AB98A1BE-1EDE-40CF-92C1-4FCE8E2F92D4}.Debug|Any CPU.Build.0 = Debug|Any CPU
		{AB98A1BE-1EDE-40CF-92C1-4FCE8E2F92D4}.Release|Any CPU.ActiveCfg = Release|Any CPU
		{AB98A1BE-1EDE-40CF-92C1-4FCE8E2F92D4}.Release|Any CPU.Build.0 = Release|Any CPU
	EndGlobalSection
	GlobalSection(SolutionProperties) = preSolution
		HideSolutionNode = FALSE
	EndGlobalSection
	GlobalSection(ExtensibilityGlobals) = postSolution
		SolutionGuid = {A048D837-E67F-454C-A5CF-298E198F3E69}
	EndGlobalSection
EndGlobal
